
Microsoft Visual Studio Solution File, Format Version 12.00
Project("{FAE04EC0-301F-11D3-BF4B-00C04F79EFBC}") = "Tracking", "Tracking\Tracking.csproj", "{A5AE2C2C-9CA6-4944-A7DB-024CA619EBD4}"
EndProject
Project("{FAE04EC0-301F-11D3-BF4B-00C04F79EFBC}") = "BLL", "BLL\BLL.csproj", "{1A8CC822-66CE-4C71-BA5E-D1FC42DBF04B}"
EndProject
Project("{FAE04EC0-301F-11D3-BF4B-00C04F79EFBC}") = "DAL", "DAL\DAL.csproj", "{2C5AB05D-2E1C-491D-A686-293E547D13A0}"
EndProject
Project("{FAE04EC0-301F-11D3-BF4B-00C04F79EFBC}") = "Domain", "Domain\Domain.csproj", "{BA03F1EB-7FA3-4E27-BF8F-FFAE0BF243CA}"
EndProject
Project("{FAE04EC0-301F-11D3-BF4B-00C04F79EFBC}") = "Common", "Common\Common.csproj", "{7C4CCFB0-CFA4-4EDC-B19E-2BFB334475A4}"
EndProject
Project("{FAE04EC0-301F-11D3-BF4B-00C04F79EFBC}") = "Config", "Config\Config.csproj", "{33A95B31-9846-4DA9-A5A7-38D7E34B8260}"
EndProject
Project("{FAE04EC0-301F-11D3-BF4B-00C04F79EFBC}") = "Authentication", "Authentication\Authentication.csproj", "{6F80E073-2FB7-4AE5-AF2D-474E5320291D}"
EndProject
Global
	GlobalSection(SolutionConfigurationPlatforms) = preSolution
		Debug|Any CPU = Debug|Any CPU
		Release|Any CPU = Release|Any CPU
	EndGlobalSection
	GlobalSection(ProjectConfigurationPlatforms) = postSolution
		{A5AE2C2C-9CA6-4944-A7DB-024CA619EBD4}.Debug|Any CPU.ActiveCfg = Debug|Any CPU
		{A5AE2C2C-9CA6-4944-A7DB-024CA619EBD4}.Debug|Any CPU.Build.0 = Debug|Any CPU
		{A5AE2C2C-9CA6-4944-A7DB-024CA619EBD4}.Release|Any CPU.ActiveCfg = Release|Any CPU
		{A5AE2C2C-9CA6-4944-A7DB-024CA619EBD4}.Release|Any CPU.Build.0 = Release|Any CPU
		{1A8CC822-66CE-4C71-BA5E-D1FC42DBF04B}.Debug|Any CPU.ActiveCfg = Debug|Any CPU
		{1A8CC822-66CE-4C71-BA5E-D1FC42DBF04B}.Debug|Any CPU.Build.0 = Debug|Any CPU
		{1A8CC822-66CE-4C71-BA5E-D1FC42DBF04B}.Release|Any CPU.ActiveCfg = Release|Any CPU
		{1A8CC822-66CE-4C71-BA5E-D1FC42DBF04B}.Release|Any CPU.Build.0 = Release|Any CPU
		{2C5AB05D-2E1C-491D-A686-293E547D13A0}.Debug|Any CPU.ActiveCfg = Debug|Any CPU
		{2C5AB05D-2E1C-491D-A686-293E547D13A0}.Debug|Any CPU.Build.0 = Debug|Any CPU
		{2C5AB05D-2E1C-491D-A686-293E547D13A0}.Release|Any CPU.ActiveCfg = Release|Any CPU
		{2C5AB05D-2E1C-491D-A686-293E547D13A0}.Release|Any CPU.Build.0 = Release|Any CPU
		{BA03F1EB-7FA3-4E27-BF8F-FFAE0BF243CA}.Debug|Any CPU.ActiveCfg = Debug|Any CPU
		{BA03F1EB-7FA3-4E27-BF8F-FFAE0BF243CA}.Debug|Any CPU.Build.0 = Debug|Any CPU
		{BA03F1EB-7FA3-4E27-BF8F-FFAE0BF243CA}.Release|Any CPU.ActiveCfg = Release|Any CPU
		{BA03F1EB-7FA3-4E27-BF8F-FFAE0BF243CA}.Release|Any CPU.Build.0 = Release|Any CPU
		{7C4CCFB0-CFA4-4EDC-B19E-2BFB334475A4}.Debug|Any CPU.ActiveCfg = Debug|Any CPU
		{7C4CCFB0-CFA4-4EDC-B19E-2BFB334475A4}.Debug|Any CPU.Build.0 = Debug|Any CPU
		{7C4CCFB0-CFA4-4EDC-B19E-2BFB334475A4}.Release|Any CPU.ActiveCfg = Release|Any CPU
		{7C4CCFB0-CFA4-4EDC-B19E-2BFB334475A4}.Release|Any CPU.Build.0 = Release|Any CPU
		{33A95B31-9846-4DA9-A5A7-38D7E34B8260}.Debug|Any CPU.ActiveCfg = Debug|Any CPU
		{33A95B31-9846-4DA9-A5A7-38D7E34B8260}.Debug|Any CPU.Build.0 = Debug|Any CPU
		{33A95B31-9846-4DA9-A5A7-38D7E34B8260}.Release|Any CPU.ActiveCfg = Release|Any CPU
		{33A95B31-9846-4DA9-A5A7-38D7E34B8260}.Release|Any CPU.Build.0 = Release|Any CPU
		{6F80E073-2FB7-4AE5-AF2D-474E5320291D}.Debug|Any CPU.ActiveCfg = Debug|Any CPU
		{6F80E073-2FB7-4AE5-AF2D-474E5320291D}.Debug|Any CPU.Build.0 = Debug|Any CPU
		{6F80E073-2FB7-4AE5-AF2D-474E5320291D}.Release|Any CPU.ActiveCfg = Release|Any CPU
		{6F80E073-2FB7-4AE5-AF2D-474E5320291D}.Release|Any CPU.Build.0 = Release|Any CPU
	EndGlobalSection
EndGlobal
